{
  "requires": true,
  "lockfileVersion": 1,
  "dependencies": {
    "wx-second-list": {
      "version": "0.0.1",
      "resolved": "https://registry.npmjs.org/wx-second-list/-/wx-second-list-0.0.1.tgz",
      "integrity": "sha512-B8/dBInWCDOOSCsuIYlXAXZzD0SnEvGJ0jeoeBCqPrwIq50LzAJjZVndDPvzz3lvtHr4RuNfGal+27+049ZFKA=="
    }
  }
}
